// !$*UTF8*$!
{
	archiveVersion = 1;
	classes = {
	};
	objectVersion = 55;
	objects = {

/* Begin PBXBuildFile section */
		233F70E6279C28C5009018E8 /* Int+.swift in Sources */ = {isa = PBXBuildFile; fileRef = 233F70E5279C28C5009018E8 /* Int+.swift */; };
		23E9547F279D3959004EAFF4 /* HourlyWeatherViewContoller.swift in Sources */ = {isa = PBXBuildFile; fileRef = 23E9547D279D3959004EAFF4 /* HourlyWeatherViewContoller.swift */; };
		23E95480279D3959004EAFF4 /* HourlyWeatherViewContoller.xib in Resources */ = {isa = PBXBuildFile; fileRef = 23E9547E279D3959004EAFF4 /* HourlyWeatherViewContoller.xib */; };
		23E95482279D3A2B004EAFF4 /* UIViewController+.swift in Sources */ = {isa = PBXBuildFile; fileRef = 23E95481279D3A2B004EAFF4 /* UIViewController+.swift */; };
		23E95484279D3CE5004EAFF4 /* HourlyWeatherDTO.swift in Sources */ = {isa = PBXBuildFile; fileRef = 23E95483279D3CE5004EAFF4 /* HourlyWeatherDTO.swift */; };
		23E95486279D3EB0004EAFF4 /* WeatherDTO.swift in Sources */ = {isa = PBXBuildFile; fileRef = 23E95485279D3EB0004EAFF4 /* WeatherDTO.swift */; };
		23E9548A279D4932004EAFF4 /* HourlyWeatherCollectionViewCell.swift in Sources */ = {isa = PBXBuildFile; fileRef = 23E95488279D4932004EAFF4 /* HourlyWeatherCollectionViewCell.swift */; };
		23E9548B279D4932004EAFF4 /* HourlyWeatherCollectionViewCell.xib in Resources */ = {isa = PBXBuildFile; fileRef = 23E95489279D4932004EAFF4 /* HourlyWeatherCollectionViewCell.xib */; };
		23E9548D279D49CE004EAFF4 /* UICollectionReusableView+.swift in Sources */ = {isa = PBXBuildFile; fileRef = 23E9548C279D49CE004EAFF4 /* UICollectionReusableView+.swift */; };
		23F99BB5279BF4D800F71926 /* AppDelegate.swift in Sources */ = {isa = PBXBuildFile; fileRef = 23F99BB4279BF4D800F71926 /* AppDelegate.swift */; };
		23F99BB7279BF4D800F71926 /* SceneDelegate.swift in Sources */ = {isa = PBXBuildFile; fileRef = 23F99BB6279BF4D800F71926 /* SceneDelegate.swift */; };
		23F99BB9279BF4D800F71926 /* MainWeatherViewController.swift in Sources */ = {isa = PBXBuildFile; fileRef = 23F99BB8279BF4D800F71926 /* MainWeatherViewController.swift */; };
		23F99BBC279BF4D800F71926 /* Main.storyboard in Resources */ = {isa = PBXBuildFile; fileRef = 23F99BBA279BF4D800F71926 /* Main.storyboard */; };
		23F99BBE279BF4DA00F71926 /* Assets.xcassets in Resources */ = {isa = PBXBuildFile; fileRef = 23F99BBD279BF4DA00F71926 /* Assets.xcassets */; };
		23F99BC1279BF4DA00F71926 /* LaunchScreen.storyboard in Resources */ = {isa = PBXBuildFile; fileRef = 23F99BBF279BF4DA00F71926 /* LaunchScreen.storyboard */; };
		23F99BC9279BF51A00F71926 /* NetworkService.swift in Sources */ = {isa = PBXBuildFile; fileRef = 23F99BC8279BF51A00F71926 /* NetworkService.swift */; };
		23F99BCB279BFB0100F71926 /* ClientNetworkService.swift in Sources */ = {isa = PBXBuildFile; fileRef = 23F99BCA279BFB0100F71926 /* ClientNetworkService.swift */; };
		23F99BCD279BFCBD00F71926 /* CurrentWeatherDTO.swift in Sources */ = {isa = PBXBuildFile; fileRef = 23F99BCC279BFCBD00F71926 /* CurrentWeatherDTO.swift */; };
		23F99BD2279C05DC00F71926 /* LocationManager.swift in Sources */ = {isa = PBXBuildFile; fileRef = 23F99BD1279C05DC00F71926 /* LocationManager.swift */; };
		23F99BD8279C221900F71926 /* Double+.swift in Sources */ = {isa = PBXBuildFile; fileRef = 23F99BD7279C221900F71926 /* Double+.swift */; };
/* End PBXBuildFile section */

/* Begin PBXFileReference section */
		233F70E5279C28C5009018E8 /* Int+.swift */ = {isa = PBXFileReference; lastKnownFileType = sourcecode.swift; path = "Int+.swift"; sourceTree = "<group>"; };
		23E9547D279D3959004EAFF4 /* HourlyWeatherViewContoller.swift */ = {isa = PBXFileReference; lastKnownFileType = sourcecode.swift; path = HourlyWeatherViewContoller.swift; sourceTree = "<group>"; };
		23E9547E279D3959004EAFF4 /* HourlyWeatherViewContoller.xib */ = {isa = PBXFileReference; lastKnownFileType = file.xib; path = HourlyWeatherViewContoller.xib; sourceTree = "<group>"; };
		23E95481279D3A2B004EAFF4 /* UIViewController+.swift */ = {isa = PBXFileReference; lastKnownFileType = sourcecode.swift; path = "UIViewController+.swift"; sourceTree = "<group>"; };
		23E95483279D3CE5004EAFF4 /* HourlyWeatherDTO.swift */ = {isa = PBXFileReference; lastKnownFileType = sourcecode.swift; path = HourlyWeatherDTO.swift; sourceTree = "<group>"; };
		23E95485279D3EB0004EAFF4 /* WeatherDTO.swift */ = {isa = PBXFileReference; lastKnownFileType = sourcecode.swift; path = WeatherDTO.swift; sourceTree = "<group>"; };
		23E95488279D4932004EAFF4 /* HourlyWeatherCollectionViewCell.swift */ = {isa = PBXFileReference; lastKnownFileType = sourcecode.swift; path = HourlyWeatherCollectionViewCell.swift; sourceTree = "<group>"; };
		23E95489279D4932004EAFF4 /* HourlyWeatherCollectionViewCell.xib */ = {isa = PBXFileReference; lastKnownFileType = file.xib; path = HourlyWeatherCollectionViewCell.xib; sourceTree = "<group>"; };
		23E9548C279D49CE004EAFF4 /* UICollectionReusableView+.swift */ = {isa = PBXFileReference; lastKnownFileType = sourcecode.swift; path = "UICollectionReusableView+.swift"; sourceTree = "<group>"; };
		23F99BB1279BF4D800F71926 /* WeatherApp.app */ = {isa = PBXFileReference; explicitFileType = wrapper.application; includeInIndex = 0; path = WeatherApp.app; sourceTree = BUILT_PRODUCTS_DIR; };
		23F99BB4279BF4D800F71926 /* AppDelegate.swift */ = {isa = PBXFileReference; lastKnownFileType = sourcecode.swift; path = AppDelegate.swift; sourceTree = "<group>"; };
		23F99BB6279BF4D800F71926 /* SceneDelegate.swift */ = {isa = PBXFileReference; lastKnownFileType = sourcecode.swift; path = SceneDelegate.swift; sourceTree = "<group>"; };
		23F99BB8279BF4D800F71926 /* MainWeatherViewController.swift */ = {isa = PBXFileReference; lastKnownFileType = sourcecode.swift; path = MainWeatherViewController.swift; sourceTree = "<group>"; };
		23F99BBB279BF4D800F71926 /* Base */ = {isa = PBXFileReference; lastKnownFileType = file.storyboard; name = Base; path = Base.lproj/Main.storyboard; sourceTree = "<group>"; };
		23F99BBD279BF4DA00F71926 /* Assets.xcassets */ = {isa = PBXFileReference; lastKnownFileType = folder.assetcatalog; path = Assets.xcassets; sourceTree = "<group>"; };
		23F99BC0279BF4DA00F71926 /* Base */ = {isa = PBXFileReference; lastKnownFileType = file.storyboard; name = Base; path = Base.lproj/LaunchScreen.storyboard; sourceTree = "<group>"; };
		23F99BC2279BF4DA00F71926 /* Info.plist */ = {isa = PBXFileReference; lastKnownFileType = text.plist.xml; path = Info.plist; sourceTree = "<group>"; };
		23F99BC8279BF51A00F71926 /* NetworkService.swift */ = {isa = PBXFileReference; lastKnownFileType = sourcecode.swift; path = NetworkService.swift; sourceTree = "<group>"; };
		23F99BCA279BFB0100F71926 /* ClientNetworkService.swift */ = {isa = PBXFileReference; lastKnownFileType = sourcecode.swift; path = ClientNetworkService.swift; sourceTree = "<group>"; };
		23F99BCC279BFCBD00F71926 /* CurrentWeatherDTO.swift */ = {isa = PBXFileReference; lastKnownFileType = sourcecode.swift; path = CurrentWeatherDTO.swift; sourceTree = "<group>"; };
		23F99BD1279C05DC00F71926 /* LocationManager.swift */ = {isa = PBXFileReference; lastKnownFileType = sourcecode.swift; path = LocationManager.swift; sourceTree = "<group>"; };
		23F99BD7279C221900F71926 /* Double+.swift */ = {isa = PBXFileReference; lastKnownFileType = sourcecode.swift; path = "Double+.swift"; sourceTree = "<group>"; };
/* End PBXFileReference section */

/* Begin PBXFrameworksBuildPhase section */
		23F99BAE279BF4D800F71926 /* Frameworks */ = {
			isa = PBXFrameworksBuildPhase;
			buildActionMask = 2147483647;
			files = (
			);
			runOnlyForDeploymentPostprocessing = 0;
		};
/* End PBXFrameworksBuildPhase section */

/* Begin PBXGroup section */
		23E95479279D361B004EAFF4 /* Resources */ = {
			isa = PBXGroup;
			children = (
				23F99BB4279BF4D800F71926 /* AppDelegate.swift */,
				23F99BB6279BF4D800F71926 /* SceneDelegate.swift */,
				23F99BC2279BF4DA00F71926 /* Info.plist */,
			);
			path = Resources;
			sourceTree = "<group>";
		};
		23E9547A279D3686004EAFF4 /* UIs */ = {
			isa = PBXGroup;
			children = (
				23F99BBA279BF4D800F71926 /* Main.storyboard */,
				23F99BBD279BF4DA00F71926 /* Assets.xcassets */,
				23F99BBF279BF4DA00F71926 /* LaunchScreen.storyboard */,
			);
			path = UIs;
			sourceTree = "<group>";
		};
		23E9547B279D390D004EAFF4 /* Main */ = {
			isa = PBXGroup;
			children = (
				23F99BB8279BF4D800F71926 /* MainWeatherViewController.swift */,
			);
			path = Main;
			sourceTree = "<group>";
		};
		23E9547C279D3925004EAFF4 /* HourlyWeather */ = {
			isa = PBXGroup;
			children = (
				23E95487279D490B004EAFF4 /* Cell */,
				23E9547D279D3959004EAFF4 /* HourlyWeatherViewContoller.swift */,
				23E9547E279D3959004EAFF4 /* HourlyWeatherViewContoller.xib */,
			);
			path = HourlyWeather;
			sourceTree = "<group>";
		};
		23E95487279D490B004EAFF4 /* Cell */ = {
			isa = PBXGroup;
			children = (
				23E95488279D4932004EAFF4 /* HourlyWeatherCollectionViewCell.swift */,
				23E95489279D4932004EAFF4 /* HourlyWeatherCollectionViewCell.xib */,
			);
			path = Cell;
			sourceTree = "<group>";
		};
		23F99BA8279BF4D800F71926 = {
			isa = PBXGroup;
			children = (
				23F99BB3279BF4D800F71926 /* WeatherApp */,
				23F99BB2279BF4D800F71926 /* Products */,
			);
			sourceTree = "<group>";
		};
		23F99BB2279BF4D800F71926 /* Products */ = {
			isa = PBXGroup;
			children = (
				23F99BB1279BF4D800F71926 /* WeatherApp.app */,
			);
			name = Products;
			sourceTree = "<group>";
		};
		23F99BB3279BF4D800F71926 /* WeatherApp */ = {
			isa = PBXGroup;
			children = (
				23F99BD3279C05EA00F71926 /* Screens */,
				23E9547A279D3686004EAFF4 /* UIs */,
				23F99BCE279C05B100F71926 /* Services */,
				23F99BD5279C21A500F71926 /* Utils */,
				23E95479279D361B004EAFF4 /* Resources */,
			);
			path = WeatherApp;
			sourceTree = "<group>";
		};
		23F99BCE279C05B100F71926 /* Services */ = {
			isa = PBXGroup;
			children = (
				23F99BCF279C05C100F71926 /* Network */,
				23F99BD0279C05CA00F71926 /* Location */,
			);
			path = Services;
			sourceTree = "<group>";
		};
		23F99BCF279C05C100F71926 /* Network */ = {
			isa = PBXGroup;
			children = (
				23F99BD4279C13BE00F71926 /* DTOs */,
				23F99BC8279BF51A00F71926 /* NetworkService.swift */,
				23F99BCA279BFB0100F71926 /* ClientNetworkService.swift */,
			);
			path = Network;
			sourceTree = "<group>";
		};
		23F99BD0279C05CA00F71926 /* Location */ = {
			isa = PBXGroup;
			children = (
				23F99BD1279C05DC00F71926 /* LocationManager.swift */,
			);
			path = Location;
			sourceTree = "<group>";
		};
		23F99BD3279C05EA00F71926 /* Screens */ = {
			isa = PBXGroup;
			children = (
				23E9547B279D390D004EAFF4 /* Main */,
				23E9547C279D3925004EAFF4 /* HourlyWeather */,
			);
			path = Screens;
			sourceTree = "<group>";
		};
		23F99BD4279C13BE00F71926 /* DTOs */ = {
			isa = PBXGroup;
			children = (
				23F99BCC279BFCBD00F71926 /* CurrentWeatherDTO.swift */,
				23E95483279D3CE5004EAFF4 /* HourlyWeatherDTO.swift */,
				23E95485279D3EB0004EAFF4 /* WeatherDTO.swift */,
			);
			path = DTOs;
			sourceTree = "<group>";
		};
		23F99BD5279C21A500F71926 /* Utils */ = {
			isa = PBXGroup;
			children = (
				23F99BD6279C21BA00F71926 /* Extensions */,
			);
			path = Utils;
			sourceTree = "<group>";
		};
		23F99BD6279C21BA00F71926 /* Extensions */ = {
			isa = PBXGroup;
			children = (
				23F99BD7279C221900F71926 /* Double+.swift */,
				233F70E5279C28C5009018E8 /* Int+.swift */,
				23E95481279D3A2B004EAFF4 /* UIViewController+.swift */,
				23E9548C279D49CE004EAFF4 /* UICollectionReusableView+.swift */,
			);
			path = Extensions;
			sourceTree = "<group>";
		};
/* End PBXGroup section */

/* Begin PBXNativeTarget section */
		23F99BB0279BF4D800F71926 /* WeatherApp */ = {
			isa = PBXNativeTarget;
			buildConfigurationList = 23F99BC5279BF4DA00F71926 /* Build configuration list for PBXNativeTarget "WeatherApp" */;
			buildPhases = (
				23F99BAD279BF4D800F71926 /* Sources */,
				23F99BAE279BF4D800F71926 /* Frameworks */,
				23F99BAF279BF4D800F71926 /* Resources */,
			);
			buildRules = (
			);
			dependencies = (
			);
			name = WeatherApp;
			productName = WeatherApp;
			productReference = 23F99BB1279BF4D800F71926 /* WeatherApp.app */;
			productType = "com.apple.product-type.application";
		};
/* End PBXNativeTarget section */

/* Begin PBXProject section */
		23F99BA9279BF4D800F71926 /* Project object */ = {
			isa = PBXProject;
			attributes = {
				BuildIndependentTargetsInParallel = 1;
				LastSwiftUpdateCheck = 1320;
				LastUpgradeCheck = 1320;
				TargetAttributes = {
					23F99BB0279BF4D800F71926 = {
						CreatedOnToolsVersion = 13.2.1;
					};
				};
			};
			buildConfigurationList = 23F99BAC279BF4D800F71926 /* Build configuration list for PBXProject "WeatherApp" */;
			compatibilityVersion = "Xcode 13.0";
			developmentRegion = en;
			hasScannedForEncodings = 0;
			knownRegions = (
				en,
				Base,
			);
			mainGroup = 23F99BA8279BF4D800F71926;
			productRefGroup = 23F99BB2279BF4D800F71926 /* Products */;
			projectDirPath = "";
			projectRoot = "";
			targets = (
				23F99BB0279BF4D800F71926 /* WeatherApp */,
			);
		};
/* End PBXProject section */

/* Begin PBXResourcesBuildPhase section */
		23F99BAF279BF4D800F71926 /* Resources */ = {
			isa = PBXResourcesBuildPhase;
			buildActionMask = 2147483647;
			files = (
				23E9548B279D4932004EAFF4 /* HourlyWeatherCollectionViewCell.xib in Resources */,
				23F99BC1279BF4DA00F71926 /* LaunchScreen.storyboard in Resources */,
				23F99BBE279BF4DA00F71926 /* Assets.xcassets in Resources */,
				23F99BBC279BF4D800F71926 /* Main.storyboard in Resources */,
				23E95480279D3959004EAFF4 /* HourlyWeatherViewContoller.xib in Resources */,
			);
			runOnlyForDeploymentPostprocessing = 0;
		};
/* End PBXResourcesBuildPhase section */

/* Begin PBXSourcesBuildPhase section */
		23F99BAD279BF4D800F71926 /* Sources */ = {
			isa = PBXSourcesBuildPhase;
			buildActionMask = 2147483647;
			files = (
				23F99BB9279BF4D800F71926 /* MainWeatherViewController.swift in Sources */,
				23E9548D279D49CE004EAFF4 /* UICollectionReusableView+.swift in Sources */,
				23F99BB5279BF4D800F71926 /* AppDelegate.swift in Sources */,
				23E9548A279D4932004EAFF4 /* HourlyWeatherCollectionViewCell.swift in Sources */,
				23E9547F279D3959004EAFF4 /* HourlyWeatherViewContoller.swift in Sources */,
				23E95484279D3CE5004EAFF4 /* HourlyWeatherDTO.swift in Sources */,
				23F99BC9279BF51A00F71926 /* NetworkService.swift in Sources */,
				23F99BD2279C05DC00F71926 /* LocationManager.swift in Sources */,
				23F99BB7279BF4D800F71926 /* SceneDelegate.swift in Sources */,
				233F70E6279C28C5009018E8 /* Int+.swift in Sources */,
				23F99BCD279BFCBD00F71926 /* CurrentWeatherDTO.swift in Sources */,
				23E95486279D3EB0004EAFF4 /* WeatherDTO.swift in Sources */,
				23E95482279D3A2B004EAFF4 /* UIViewController+.swift in Sources */,
				23F99BD8279C221900F71926 /* Double+.swift in Sources */,
				23F99BCB279BFB0100F71926 /* ClientNetworkService.swift in Sources */,
			);
			runOnlyForDeploymentPostprocessing = 0;
		};
/* End PBXSourcesBuildPhase section */

/* Begin PBXVariantGroup section */
		23F99BBA279BF4D800F71926 /* Main.storyboard */ = {
			isa = PBXVariantGroup;
			children = (
				23F99BBB279BF4D800F71926 /* Base */,
			);
			name = Main.storyboard;
			sourceTree = "<group>";
		};
		23F99BBF279BF4DA00F71926 /* LaunchScreen.storyboard */ = {
			isa = PBXVariantGroup;
			children = (
				23F99BC0279BF4DA00F71926 /* Base */,
			);
			name = LaunchScreen.storyboard;
			sourceTree = "<group>";
		};
/* End PBXVariantGroup section */

/* Begin XCBuildConfiguration section */
		23F99BC3279BF4DA00F71926 /* Debug */ = {
			isa = XCBuildConfiguration;
			buildSettings = {
				ALWAYS_SEARCH_USER_PATHS = NO;
				CLANG_ANALYZER_NONNULL = YES;
				CLANG_ANALYZER_NUMBER_OBJECT_CONVERSION = YES_AGGRESSIVE;
				CLANG_CXX_LANGUAGE_STANDARD = "gnu++17";
				CLANG_CXX_LIBRARY = "libc++";
				CLANG_ENABLE_MODULES = YES;
				CLANG_ENABLE_OBJC_ARC = YES;
				CLANG_ENABLE_OBJC_WEAK = YES;
				CLANG_WARN_BLOCK_CAPTURE_AUTORELEASING = YES;
				CLANG_WARN_BOOL_CONVERSION = YES;
				CLANG_WARN_COMMA = YES;
				CLANG_WARN_CONSTANT_CONVERSION = YES;
				CLANG_WARN_DEPRECATED_OBJC_IMPLEMENTATIONS = YES;
				CLANG_WARN_DIRECT_OBJC_ISA_USAGE = YES_ERROR;
				CLANG_WARN_DOCUMENTATION_COMMENTS = YES;
				CLANG_WARN_EMPTY_BODY = YES;
				CLANG_WARN_ENUM_CONVERSION = YES;
				CLANG_WARN_INFINITE_RECURSION = YES;
				CLANG_WARN_INT_CONVERSION = YES;
				CLANG_WARN_NON_LITERAL_NULL_CONVERSION = YES;
				CLANG_WARN_OBJC_IMPLICIT_RETAIN_SELF = YES;
				CLANG_WARN_OBJC_LITERAL_CONVERSION = YES;
				CLANG_WARN_OBJC_ROOT_CLASS = YES_ERROR;
				CLANG_WARN_QUOTED_INCLUDE_IN_FRAMEWORK_HEADER = YES;
				CLANG_WARN_RANGE_LOOP_ANALYSIS = YES;
				CLANG_WARN_STRICT_PROTOTYPES = YES;
				CLANG_WARN_SUSPICIOUS_MOVE = YES;
				CLANG_WARN_UNGUARDED_AVAILABILITY = YES_AGGRESSIVE;
				CLANG_WARN_UNREACHABLE_CODE = YES;
				CLANG_WARN__DUPLICATE_METHOD_MATCH = YES;
				COPY_PHASE_STRIP = NO;
				DEBUG_INFORMATION_FORMAT = dwarf;
				ENABLE_STRICT_OBJC_MSGSEND = YES;
				ENABLE_TESTABILITY = YES;
				GCC_C_LANGUAGE_STANDARD = gnu11;
				GCC_DYNAMIC_NO_PIC = NO;
				GCC_NO_COMMON_BLOCKS = YES;
				GCC_OPTIMIZATION_LEVEL = 0;
				GCC_PREPROCESSOR_DEFINITIONS = (
					"DEBUG=1",
					"$(inherited)",
				);
				GCC_WARN_64_TO_32_BIT_CONVERSION = YES;
				GCC_WARN_ABOUT_RETURN_TYPE = YES_ERROR;
				GCC_WARN_UNDECLARED_SELECTOR = YES;
				GCC_WARN_UNINITIALIZED_AUTOS = YES_AGGRESSIVE;
				GCC_WARN_UNUSED_FUNCTION = YES;
				GCC_WARN_UNUSED_VARIABLE = YES;
				IPHONEOS_DEPLOYMENT_TARGET = 15.2;
				MTL_ENABLE_DEBUG_INFO = INCLUDE_SOURCE;
				MTL_FAST_MATH = YES;
				ONLY_ACTIVE_ARCH = YES;
				SDKROOT = iphoneos;
				SWIFT_ACTIVE_COMPILATION_CONDITIONS = DEBUG;
				SWIFT_OPTIMIZATION_LEVEL = "-Onone";
			};
			name = Debug;
		};
		23F99BC4279BF4DA00F71926 /* Release */ = {
			isa = XCBuildConfiguration;
			buildSettings = {
				ALWAYS_SEARCH_USER_PATHS = NO;
				CLANG_ANALYZER_NONNULL = YES;
				CLANG_ANALYZER_NUMBER_OBJECT_CONVERSION = YES_AGGRESSIVE;
				CLANG_CXX_LANGUAGE_STANDARD = "gnu++17";
				CLANG_CXX_LIBRARY = "libc++";
				CLANG_ENABLE_MODULES = YES;
				CLANG_ENABLE_OBJC_ARC = YES;
				CLANG_ENABLE_OBJC_WEAK = YES;
				CLANG_WARN_BLOCK_CAPTURE_AUTORELEASING = YES;
				CLANG_WARN_BOOL_CONVERSION = YES;
				CLANG_WARN_COMMA = YES;
				CLANG_WARN_CONSTANT_CONVERSION = YES;
				CLANG_WARN_DEPRECATED_OBJC_IMPLEMENTATIONS = YES;
				CLANG_WARN_DIRECT_OBJC_ISA_USAGE = YES_ERROR;
				CLANG_WARN_DOCUMENTATION_COMMENTS = YES;
				CLANG_WARN_EMPTY_BODY = YES;
				CLANG_WARN_ENUM_CONVERSION = YES;
				CLANG_WARN_INFINITE_RECURSION = YES;
				CLANG_WARN_INT_CONVERSION = YES;
				CLANG_WARN_NON_LITERAL_NULL_CONVERSION = YES;
				CLANG_WARN_OBJC_IMPLICIT_RETAIN_SELF = YES;
				CLANG_WARN_OBJC_LITERAL_CONVERSION = YES;
				CLANG_WARN_OBJC_ROOT_CLASS = YES_ERROR;
				CLANG_WARN_QUOTED_INCLUDE_IN_FRAMEWORK_HEADER = YES;
				CLANG_WARN_RANGE_LOOP_ANALYSIS = YES;
				CLANG_WARN_STRICT_PROTOTYPES = YES;
				CLANG_WARN_SUSPICIOUS_MOVE = YES;
				CLANG_WARN_UNGUARDED_AVAILABILITY = YES_AGGRESSIVE;
				CLANG_WARN_UNREACHABLE_CODE = YES;
				CLANG_WARN__DUPLICATE_METHOD_MATCH = YES;
				COPY_PHASE_STRIP = NO;
				DEBUG_INFORMATION_FORMAT = "dwarf-with-dsym";
				ENABLE_NS_ASSERTIONS = NO;
				ENABLE_STRICT_OBJC_MSGSEND = YES;
				GCC_C_LANGUAGE_STANDARD = gnu11;
				GCC_NO_COMMON_BLOCKS = YES;
				GCC_WARN_64_TO_32_BIT_CONVERSION = YES;
				GCC_WARN_ABOUT_RETURN_TYPE = YES_ERROR;
				GCC_WARN_UNDECLARED_SELECTOR = YES;
				GCC_WARN_UNINITIALIZED_AUTOS = YES_AGGRESSIVE;
				GCC_WARN_UNUSED_FUNCTION = YES;
				GCC_WARN_UNUSED_VARIABLE = YES;
				IPHONEOS_DEPLOYMENT_TARGET = 15.2;
				MTL_ENABLE_DEBUG_INFO = NO;
				MTL_FAST_MATH = YES;
				SDKROOT = iphoneos;
				SWIFT_COMPILATION_MODE = wholemodule;
				SWIFT_OPTIMIZATION_LEVEL = "-O";
				VALIDATE_PRODUCT = YES;
			};
			name = Release;
		};
		23F99BC6279BF4DA00F71926 /* Debug */ = {
			isa = XCBuildConfiguration;
			buildSettings = {
				ASSETCATALOG_COMPILER_APPICON_NAME = AppIcon;
				ASSETCATALOG_COMPILER_GLOBAL_ACCENT_COLOR_NAME = AccentColor;
				CODE_SIGN_STYLE = Automatic;
				CURRENT_PROJECT_VERSION = 1;
				DEVELOPMENT_TEAM = 9UAK289TV9;
				GENERATE_INFOPLIST_FILE = YES;
				INFOPLIST_FILE = WeatherApp/Resources/Info.plist;
				INFOPLIST_KEY_UIApplicationSupportsIndirectInputEvents = YES;
				INFOPLIST_KEY_UILaunchStoryboardName = LaunchScreen;
				INFOPLIST_KEY_UIMainStoryboardFile = Main;
				INFOPLIST_KEY_UISupportedInterfaceOrientations_iPad = "UIInterfaceOrientationPortrait UIInterfaceOrientationPortraitUpsideDown UIInterfaceOrientationLandscapeLeft UIInterfaceOrientationLandscapeRight";
				INFOPLIST_KEY_UISupportedInterfaceOrientations_iPhone = "UIInterfaceOrientationPortrait UIInterfaceOrientationLandscapeLeft UIInterfaceOrientationLandscapeRight";
				LD_RUNPATH_SEARCH_PATHS = (
					"$(inherited)",
					"@executable_path/Frameworks",
				);
				MARKETING_VERSION = 1.0;
				PRODUCT_BUNDLE_IDENTIFIER = com.semihemreunlu.WeatherApp;
				PRODUCT_NAME = "$(TARGET_NAME)";
				SWIFT_EMIT_LOC_STRINGS = YES;
				SWIFT_VERSION = 5.0;
				TARGETED_DEVICE_FAMILY = "1,2";
			};
			name = Debug;
		};
		23F99BC7279BF4DA00F71926 /* Release */ = {
			isa = XCBuildConfiguration;
			buildSettings = {
				ASSETCATALOG_COMPILER_APPICON_NAME = AppIcon;
				ASSETCATALOG_COMPILER_GLOBAL_ACCENT_COLOR_NAME = AccentColor;
				CODE_SIGN_STYLE = Automatic;
				CURRENT_PROJECT_VERSION = 1;
				DEVELOPMENT_TEAM = 9UAK289TV9;
				GENERATE_INFOPLIST_FILE = YES;
				INFOPLIST_FILE = WeatherApp/Resources/Info.plist;
				INFOPLIST_KEY_UIApplicationSupportsIndirectInputEvents = YES;
				INFOPLIST_KEY_UILaunchStoryboardName = LaunchScreen;
				INFOPLIST_KEY_UIMainStoryboardFile = Main;
				INFOPLIST_KEY_UISupportedInterfaceOrientations_iPad = "UIInterfaceOrientationPortrait UIInterfaceOrientationPortraitUpsideDown UIInterfaceOrientationLandscapeLeft UIInterfaceOrientationLandscapeRight";
				INFOPLIST_KEY_UISupportedInterfaceOrientations_iPhone = "UIInterfaceOrientationPortrait UIInterfaceOrientationLandscapeLeft UIInterfaceOrientationLandscapeRight";
				LD_RUNPATH_SEARCH_PATHS = (
					"$(inherited)",
					"@executable_path/Frameworks",
				);
				MARKETING_VERSION = 1.0;
				PRODUCT_BUNDLE_IDENTIFIER = com.semihemreunlu.WeatherApp;
				PRODUCT_NAME = "$(TARGET_NAME)";
				SWIFT_EMIT_LOC_STRINGS = YES;
				SWIFT_VERSION = 5.0;
				TARGETED_DEVICE_FAMILY = "1,2";
			};
			name = Release;
		};
/* End XCBuildConfiguration section */

/* Begin XCConfigurationList section */
		23F99BAC279BF4D800F71926 /* Build configuration list for PBXProject "WeatherApp" */ = {
			isa = XCConfigurationList;
			buildConfigurations = (
				23F99BC3279BF4DA00F71926 /* Debug */,
				23F99BC4279BF4DA00F71926 /* Release */,
			);
			defaultConfigurationIsVisible = 0;
			defaultConfigurationName = Release;
		};
		23F99BC5279BF4DA00F71926 /* Build configuration list for PBXNativeTarget "WeatherApp" */ = {
			isa = XCConfigurationList;
			buildConfigurations = (
				23F99BC6279BF4DA00F71926 /* Debug */,
				23F99BC7279BF4DA00F71926 /* Release */,
			);
			defaultConfigurationIsVisible = 0;
			defaultConfigurationName = Release;
		};
/* End XCConfigurationList section */
	};
	rootObject = 23F99BA9279BF4D800F71926 /* Project object */;
}
